
Microsoft Visual Studio Solution File, Format Version 12.00
# Visual Studio Version 17
VisualStudioVersion = 17.5.33627.172
MinimumVisualStudioVersion = 10.0.40219.1
Project("{9A19103F-16F7-4668-BE54-9A1E7A4F7556}") = "UrbanWatchMVCWebApp", "UrbanWatchMVCWebApp\UrbanWatchMVCWebApp.csproj", "{65379ED6-7EE0-44FB-9AE0-A56FDA8A360C}"
EndProject
Project("{9A19103F-16F7-4668-BE54-9A1E7A4F7556}") = "PlayGroundConsole", "UrbanWatchConsoleApp\PlayGroundConsole.csproj", "{D6DF00E6-92AB-431E-8A87-BD20F6B6A115}"
EndProject
Global
	GlobalSection(SolutionConfigurationPlatforms) = preSolution
		Debug|Any CPU = Debug|Any CPU
		Release|Any CPU = Release|Any CPU
	EndGlobalSection
	GlobalSection(ProjectConfigurationPlatforms) = postSolution
		{65379ED6-7EE0-44FB-9AE0-A56FDA8A360C}.Debug|Any CPU.ActiveCfg = Debug|Any CPU
		{65379ED6-7EE0-44FB-9AE0-A56FDA8A360C}.Debug|Any CPU.Build.0 = Debug|Any CPU
		{65379ED6-7EE0-44FB-9AE0-A56FDA8A360C}.Release|Any CPU.ActiveCfg = Release|Any CPU
		{65379ED6-7EE0-44FB-9AE0-A56FDA8A360C}.Release|Any CPU.Build.0 = Release|Any CPU
		{D6DF00E6-92AB-431E-8A87-BD20F6B6A115}.Debug|Any CPU.ActiveCfg = Debug|Any CPU
		{D6DF00E6-92AB-431E-8A87-BD20F6B6A115}.Debug|Any CPU.Build.0 = Debug|Any CPU
		{D6DF00E6-92AB-431E-8A87-BD20F6B6A115}.Release|Any CPU.ActiveCfg = Release|Any CPU
		{D6DF00E6-92AB-431E-8A87-BD20F6B6A115}.Release|Any CPU.Build.0 = Release|Any CPU
	EndGlobalSection
	GlobalSection(SolutionProperties) = preSolution
		HideSolutionNode = FALSE
	EndGlobalSection
	GlobalSection(ExtensibilityGlobals) = postSolution
		SolutionGuid = {97FDCAC4-335F-48D2-B23C-07269CB05356}
	EndGlobalSection
EndGlobal
