
Microsoft Visual Studio Solution File, Format Version 12.00
# Visual Studio Version 17
VisualStudioVersion = 17.0.31903.59
MinimumVisualStudioVersion = 10.0.40219.1
Project("{FAE04EC0-301F-11D3-BF4B-00C04F79EFBC}") = "UrbanWatchAPI.Presentation", "..\src\UrbanWatchAPI.Presentation\UrbanWatchAPI.Presentation.csproj", "{F1991A7B-0823-447F-8383-0CA5562F11AF}"
EndProject
Project("{FAE04EC0-301F-11D3-BF4B-00C04F79EFBC}") = "UrbanWatchAPI.Domain", "..\src\UrbanWatchAPI.Domain\UrbanWatchAPI.Domain.csproj", "{98045136-33AE-41B6-A11C-CAC8F4490BAD}"
EndProject
Project("{FAE04EC0-301F-11D3-BF4B-00C04F79EFBC}") = "UrbanWatchAPI.Infrastructure", "..\src\UrbanWatchAPI.Infrastructure\UrbanWatchAPI.Infrastructure.csproj", "{D4C0276B-6D94-4B1A-BC65-C2A28AB6F54B}"
EndProject
Project("{FAE04EC0-301F-11D3-BF4B-00C04F79EFBC}") = "UrbanWatchAPI.Application", "..\src\UrbanWatchAPI.Application\UrbanWatchAPI.Application.csproj", "{B588EF0B-8B73-463F-B8AF-F9A7EA6D8712}"
EndProject
Global
	GlobalSection(SolutionConfigurationPlatforms) = preSolution
		Debug|Any CPU = Debug|Any CPU
		Release|Any CPU = Release|Any CPU
	EndGlobalSection
	GlobalSection(ProjectConfigurationPlatforms) = postSolution
		{F1991A7B-0823-447F-8383-0CA5562F11AF}.Debug|Any CPU.ActiveCfg = Debug|Any CPU
		{F1991A7B-0823-447F-8383-0CA5562F11AF}.Debug|Any CPU.Build.0 = Debug|Any CPU
		{F1991A7B-0823-447F-8383-0CA5562F11AF}.Release|Any CPU.ActiveCfg = Release|Any CPU
		{F1991A7B-0823-447F-8383-0CA5562F11AF}.Release|Any CPU.Build.0 = Release|Any CPU
		{98045136-33AE-41B6-A11C-CAC8F4490BAD}.Debug|Any CPU.ActiveCfg = Debug|Any CPU
		{98045136-33AE-41B6-A11C-CAC8F4490BAD}.Debug|Any CPU.Build.0 = Debug|Any CPU
		{98045136-33AE-41B6-A11C-CAC8F4490BAD}.Release|Any CPU.ActiveCfg = Release|Any CPU
		{98045136-33AE-41B6-A11C-CAC8F4490BAD}.Release|Any CPU.Build.0 = Release|Any CPU
		{D4C0276B-6D94-4B1A-BC65-C2A28AB6F54B}.Debug|Any CPU.ActiveCfg = Debug|Any CPU
		{D4C0276B-6D94-4B1A-BC65-C2A28AB6F54B}.Debug|Any CPU.Build.0 = Debug|Any CPU
		{D4C0276B-6D94-4B1A-BC65-C2A28AB6F54B}.Release|Any CPU.ActiveCfg = Release|Any CPU
		{D4C0276B-6D94-4B1A-BC65-C2A28AB6F54B}.Release|Any CPU.Build.0 = Release|Any CPU
		{B588EF0B-8B73-463F-B8AF-F9A7EA6D8712}.Debug|Any CPU.ActiveCfg = Debug|Any CPU
		{B588EF0B-8B73-463F-B8AF-F9A7EA6D8712}.Debug|Any CPU.Build.0 = Debug|Any CPU
		{B588EF0B-8B73-463F-B8AF-F9A7EA6D8712}.Release|Any CPU.ActiveCfg = Release|Any CPU
		{B588EF0B-8B73-463F-B8AF-F9A7EA6D8712}.Release|Any CPU.Build.0 = Release|Any CPU
	EndGlobalSection
	GlobalSection(SolutionProperties) = preSolution
		HideSolutionNode = FALSE
	EndGlobalSection
	GlobalSection(ExtensibilityGlobals) = postSolution
		SolutionGuid = {97ACC599-8A99-4DEA-A24D-A20FFA52F931}
	EndGlobalSection
EndGlobal
